
Microsoft Visual Studio Solution File, Format Version 12.00
# Visual Studio Version 16
VisualStudioVersion = 16.0.31624.102
MinimumVisualStudioVersion = 10.0.40219.1
Project("{FAE04EC0-301F-11D3-BF4B-00C04F79EFBC}") = "AppNavegacion.Android", "AppNavegacion\AppNavegacion.Android\AppNavegacion.Android.csproj", "{C68B385C-F7FE-4AAF-AA40-7E4365D8309C}"
EndProject
Project("{FAE04EC0-301F-11D3-BF4B-00C04F79EFBC}") = "AppNavegacion.iOS", "AppNavegacion\AppNavegacion.iOS\AppNavegacion.iOS.csproj", "{4A335E99-2993-4283-8194-6253160EF05D}"
EndProject
Project("{FAE04EC0-301F-11D3-BF4B-00C04F79EFBC}") = "AppNavegacion", "AppNavegacion\AppNavegacion\AppNavegacion.csproj", "{24CB86AC-3BA0-46A2-9289-EA988E46361A}"
EndProject
Global
	GlobalSection(SolutionConfigurationPlatforms) = preSolution
		Debug|Any CPU = Debug|Any CPU
		Debug|iPhone = Debug|iPhone
		Debug|iPhoneSimulator = Debug|iPhoneSimulator
		Release|Any CPU = Release|Any CPU
		Release|iPhone = Release|iPhone
		Release|iPhoneSimulator = Release|iPhoneSimulator
	EndGlobalSection
	GlobalSection(ProjectConfigurationPlatforms) = postSolution
		{C68B385C-F7FE-4AAF-AA40-7E4365D8309C}.Debug|Any CPU.ActiveCfg = Debug|Any CPU
		{C68B385C-F7FE-4AAF-AA40-7E4365D8309C}.Debug|Any CPU.Build.0 = Debug|Any CPU
		{C68B385C-F7FE-4AAF-AA40-7E4365D8309C}.Debug|Any CPU.Deploy.0 = Debug|Any CPU
		{C68B385C-F7FE-4AAF-AA40-7E4365D8309C}.Debug|iPhone.ActiveCfg = Debug|Any CPU
		{C68B385C-F7FE-4AAF-AA40-7E4365D8309C}.Debug|iPhone.Build.0 = Debug|Any CPU
		{C68B385C-F7FE-4AAF-AA40-7E4365D8309C}.Debug|iPhone.Deploy.0 = Debug|Any CPU
		{C68B385C-F7FE-4AAF-AA40-7E4365D8309C}.Debug|iPhoneSimulator.ActiveCfg = Debug|Any CPU
		{C68B385C-F7FE-4AAF-AA40-7E4365D8309C}.Debug|iPhoneSimulator.Build.0 = Debug|Any CPU
		{C68B385C-F7FE-4AAF-AA40-7E4365D8309C}.Debug|iPhoneSimulator.Deploy.0 = Debug|Any CPU
		{C68B385C-F7FE-4AAF-AA40-7E4365D8309C}.Release|Any CPU.ActiveCfg = Release|Any CPU
		{C68B385C-F7FE-4AAF-AA40-7E4365D8309C}.Release|Any CPU.Build.0 = Release|Any CPU
		{C68B385C-F7FE-4AAF-AA40-7E4365D8309C}.Release|Any CPU.Deploy.0 = Release|Any CPU
		{C68B385C-F7FE-4AAF-AA40-7E4365D8309C}.Release|iPhone.ActiveCfg = Release|Any CPU
		{C68B385C-F7FE-4AAF-AA40-7E4365D8309C}.Release|iPhone.Build.0 = Release|Any CPU
		{C68B385C-F7FE-4AAF-AA40-7E4365D8309C}.Release|iPhone.Deploy.0 = Release|Any CPU
		{C68B385C-F7FE-4AAF-AA40-7E4365D8309C}.Release|iPhoneSimulator.ActiveCfg = Release|Any CPU
		{C68B385C-F7FE-4AAF-AA40-7E4365D8309C}.Release|iPhoneSimulator.Build.0 = Release|Any CPU
		{C68B385C-F7FE-4AAF-AA40-7E4365D8309C}.Release|iPhoneSimulator.Deploy.0 = Release|Any CPU
		{4A335E99-2993-4283-8194-6253160EF05D}.Debug|Any CPU.ActiveCfg = Debug|iPhone
		{4A335E99-2993-4283-8194-6253160EF05D}.Debug|Any CPU.Build.0 = Debug|iPhone
		{4A335E99-2993-4283-8194-6253160EF05D}.Debug|Any CPU.Deploy.0 = Debug|iPhone
		{4A335E99-2993-4283-8194-6253160EF05D}.Debug|iPhone.ActiveCfg = Debug|iPhone
		{4A335E99-2993-4283-8194-6253160EF05D}.Debug|iPhone.Build.0 = Debug|iPhone
		{4A335E99-2993-4283-8194-6253160EF05D}.Debug|iPhone.Deploy.0 = Debug|iPhone
		{4A335E99-2993-4283-8194-6253160EF05D}.Debug|iPhoneSimulator.ActiveCfg = Debug|iPhoneSimulator
		{4A335E99-2993-4283-8194-6253160EF05D}.Debug|iPhoneSimulator.Build.0 = Debug|iPhoneSimulator
		{4A335E99-2993-4283-8194-6253160EF05D}.Debug|iPhoneSimulator.Deploy.0 = Debug|iPhoneSimulator
		{4A335E99-2993-4283-8194-6253160EF05D}.Release|Any CPU.ActiveCfg = Release|iPhoneSimulator
		{4A335E99-2993-4283-8194-6253160EF05D}.Release|Any CPU.Build.0 = Release|iPhoneSimulator
		{4A335E99-2993-4283-8194-6253160EF05D}.Release|Any CPU.Deploy.0 = Release|iPhoneSimulator
		{4A335E99-2993-4283-8194-6253160EF05D}.Release|iPhone.ActiveCfg = Release|iPhone
		{4A335E99-2993-4283-8194-6253160EF05D}.Release|iPhone.Build.0 = Release|iPhone
		{4A335E99-2993-4283-8194-6253160EF05D}.Release|iPhone.Deploy.0 = Release|iPhone
		{4A335E99-2993-4283-8194-6253160EF05D}.Release|iPhoneSimulator.ActiveCfg = Release|iPhoneSimulator
		{4A335E99-2993-4283-8194-6253160EF05D}.Release|iPhoneSimulator.Build.0 = Release|iPhoneSimulator
		{4A335E99-2993-4283-8194-6253160EF05D}.Release|iPhoneSimulator.Deploy.0 = Release|iPhoneSimulator
		{24CB86AC-3BA0-46A2-9289-EA988E46361A}.Debug|Any CPU.ActiveCfg = Debug|Any CPU
		{24CB86AC-3BA0-46A2-9289-EA988E46361A}.Debug|Any CPU.Build.0 = Debug|Any CPU
		{24CB86AC-3BA0-46A2-9289-EA988E46361A}.Debug|Any CPU.Deploy.0 = Debug|Any CPU
		{24CB86AC-3BA0-46A2-9289-EA988E46361A}.Debug|iPhone.ActiveCfg = Debug|Any CPU
		{24CB86AC-3BA0-46A2-9289-EA988E46361A}.Debug|iPhone.Build.0 = Debug|Any CPU
		{24CB86AC-3BA0-46A2-9289-EA988E46361A}.Debug|iPhone.Deploy.0 = Debug|Any CPU
		{24CB86AC-3BA0-46A2-9289-EA988E46361A}.Debug|iPhoneSimulator.ActiveCfg = Debug|Any CPU
		{24CB86AC-3BA0-46A2-9289-EA988E46361A}.Debug|iPhoneSimulator.Build.0 = Debug|Any CPU
		{24CB86AC-3BA0-46A2-9289-EA988E46361A}.Debug|iPhoneSimulator.Deploy.0 = Debug|Any CPU
		{24CB86AC-3BA0-46A2-9289-EA988E46361A}.Release|Any CPU.ActiveCfg = Release|Any CPU
		{24CB86AC-3BA0-46A2-9289-EA988E46361A}.Release|Any CPU.Build.0 = Release|Any CPU
		{24CB86AC-3BA0-46A2-9289-EA988E46361A}.Release|Any CPU.Deploy.0 = Release|Any CPU
		{24CB86AC-3BA0-46A2-9289-EA988E46361A}.Release|iPhone.ActiveCfg = Release|Any CPU
		{24CB86AC-3BA0-46A2-9289-EA988E46361A}.Release|iPhone.Build.0 = Release|Any CPU
		{24CB86AC-3BA0-46A2-9289-EA988E46361A}.Release|iPhone.Deploy.0 = Release|Any CPU
		{24CB86AC-3BA0-46A2-9289-EA988E46361A}.Release|iPhoneSimulator.ActiveCfg = Release|Any CPU
		{24CB86AC-3BA0-46A2-9289-EA988E46361A}.Release|iPhoneSimulator.Build.0 = Release|Any CPU
		{24CB86AC-3BA0-46A2-9289-EA988E46361A}.Release|iPhoneSimulator.Deploy.0 = Release|Any CPU
	EndGlobalSection
	GlobalSection(SolutionProperties) = preSolution
		HideSolutionNode = FALSE
	EndGlobalSection
	GlobalSection(ExtensibilityGlobals) = postSolution
		SolutionGuid = {199681B1-227F-464B-B22A-519AB62224AC}
	EndGlobalSection
EndGlobal
