
Microsoft Visual Studio Solution File, Format Version 12.00
# Visual Studio Version 16
VisualStudioVersion = 16.0.31624.102
MinimumVisualStudioVersion = 10.0.40219.1
Project("{FAE04EC0-301F-11D3-BF4B-00C04F79EFBC}") = "FlyoutApp.Android", "FlyoutApp\FlyoutApp.Android\FlyoutApp.Android.csproj", "{0741448A-14CA-4EC0-AEE7-1C52275619E8}"
EndProject
Project("{FAE04EC0-301F-11D3-BF4B-00C04F79EFBC}") = "FlyoutApp.iOS", "FlyoutApp\FlyoutApp.iOS\FlyoutApp.iOS.csproj", "{54C77C94-1554-4E84-87D7-724BD0FEB902}"
EndProject
Project("{FAE04EC0-301F-11D3-BF4B-00C04F79EFBC}") = "FlyoutApp", "FlyoutApp\FlyoutApp\FlyoutApp.csproj", "{E970523B-2DB3-40E8-9D62-5B8FA93A32D9}"
EndProject
Global
	GlobalSection(SolutionConfigurationPlatforms) = preSolution
		Debug|Any CPU = Debug|Any CPU
		Debug|iPhone = Debug|iPhone
		Debug|iPhoneSimulator = Debug|iPhoneSimulator
		Release|Any CPU = Release|Any CPU
		Release|iPhone = Release|iPhone
		Release|iPhoneSimulator = Release|iPhoneSimulator
	EndGlobalSection
	GlobalSection(ProjectConfigurationPlatforms) = postSolution
		{0741448A-14CA-4EC0-AEE7-1C52275619E8}.Debug|Any CPU.ActiveCfg = Debug|Any CPU
		{0741448A-14CA-4EC0-AEE7-1C52275619E8}.Debug|Any CPU.Build.0 = Debug|Any CPU
		{0741448A-14CA-4EC0-AEE7-1C52275619E8}.Debug|Any CPU.Deploy.0 = Debug|Any CPU
		{0741448A-14CA-4EC0-AEE7-1C52275619E8}.Debug|iPhone.ActiveCfg = Debug|Any CPU
		{0741448A-14CA-4EC0-AEE7-1C52275619E8}.Debug|iPhone.Build.0 = Debug|Any CPU
		{0741448A-14CA-4EC0-AEE7-1C52275619E8}.Debug|iPhone.Deploy.0 = Debug|Any CPU
		{0741448A-14CA-4EC0-AEE7-1C52275619E8}.Debug|iPhoneSimulator.ActiveCfg = Debug|Any CPU
		{0741448A-14CA-4EC0-AEE7-1C52275619E8}.Debug|iPhoneSimulator.Build.0 = Debug|Any CPU
		{0741448A-14CA-4EC0-AEE7-1C52275619E8}.Debug|iPhoneSimulator.Deploy.0 = Debug|Any CPU
		{0741448A-14CA-4EC0-AEE7-1C52275619E8}.Release|Any CPU.ActiveCfg = Release|Any CPU
		{0741448A-14CA-4EC0-AEE7-1C52275619E8}.Release|Any CPU.Build.0 = Release|Any CPU
		{0741448A-14CA-4EC0-AEE7-1C52275619E8}.Release|Any CPU.Deploy.0 = Release|Any CPU
		{0741448A-14CA-4EC0-AEE7-1C52275619E8}.Release|iPhone.ActiveCfg = Release|Any CPU
		{0741448A-14CA-4EC0-AEE7-1C52275619E8}.Release|iPhone.Build.0 = Release|Any CPU
		{0741448A-14CA-4EC0-AEE7-1C52275619E8}.Release|iPhone.Deploy.0 = Release|Any CPU
		{0741448A-14CA-4EC0-AEE7-1C52275619E8}.Release|iPhoneSimulator.ActiveCfg = Release|Any CPU
		{0741448A-14CA-4EC0-AEE7-1C52275619E8}.Release|iPhoneSimulator.Build.0 = Release|Any CPU
		{0741448A-14CA-4EC0-AEE7-1C52275619E8}.Release|iPhoneSimulator.Deploy.0 = Release|Any CPU
		{54C77C94-1554-4E84-87D7-724BD0FEB902}.Debug|Any CPU.ActiveCfg = Debug|iPhone
		{54C77C94-1554-4E84-87D7-724BD0FEB902}.Debug|Any CPU.Build.0 = Debug|iPhone
		{54C77C94-1554-4E84-87D7-724BD0FEB902}.Debug|Any CPU.Deploy.0 = Debug|iPhone
		{54C77C94-1554-4E84-87D7-724BD0FEB902}.Debug|iPhone.ActiveCfg = Debug|iPhone
		{54C77C94-1554-4E84-87D7-724BD0FEB902}.Debug|iPhone.Build.0 = Debug|iPhone
		{54C77C94-1554-4E84-87D7-724BD0FEB902}.Debug|iPhone.Deploy.0 = Debug|iPhone
		{54C77C94-1554-4E84-87D7-724BD0FEB902}.Debug|iPhoneSimulator.ActiveCfg = Debug|iPhoneSimulator
		{54C77C94-1554-4E84-87D7-724BD0FEB902}.Debug|iPhoneSimulator.Build.0 = Debug|iPhoneSimulator
		{54C77C94-1554-4E84-87D7-724BD0FEB902}.Debug|iPhoneSimulator.Deploy.0 = Debug|iPhoneSimulator
		{54C77C94-1554-4E84-87D7-724BD0FEB902}.Release|Any CPU.ActiveCfg = Release|iPhoneSimulator
		{54C77C94-1554-4E84-87D7-724BD0FEB902}.Release|Any CPU.Build.0 = Release|iPhoneSimulator
		{54C77C94-1554-4E84-87D7-724BD0FEB902}.Release|Any CPU.Deploy.0 = Release|iPhoneSimulator
		{54C77C94-1554-4E84-87D7-724BD0FEB902}.Release|iPhone.ActiveCfg = Release|iPhone
		{54C77C94-1554-4E84-87D7-724BD0FEB902}.Release|iPhone.Build.0 = Release|iPhone
		{54C77C94-1554-4E84-87D7-724BD0FEB902}.Release|iPhone.Deploy.0 = Release|iPhone
		{54C77C94-1554-4E84-87D7-724BD0FEB902}.Release|iPhoneSimulator.ActiveCfg = Release|iPhoneSimulator
		{54C77C94-1554-4E84-87D7-724BD0FEB902}.Release|iPhoneSimulator.Build.0 = Release|iPhoneSimulator
		{54C77C94-1554-4E84-87D7-724BD0FEB902}.Release|iPhoneSimulator.Deploy.0 = Release|iPhoneSimulator
		{E970523B-2DB3-40E8-9D62-5B8FA93A32D9}.Debug|Any CPU.ActiveCfg = Debug|Any CPU
		{E970523B-2DB3-40E8-9D62-5B8FA93A32D9}.Debug|Any CPU.Build.0 = Debug|Any CPU
		{E970523B-2DB3-40E8-9D62-5B8FA93A32D9}.Debug|Any CPU.Deploy.0 = Debug|Any CPU
		{E970523B-2DB3-40E8-9D62-5B8FA93A32D9}.Debug|iPhone.ActiveCfg = Debug|Any CPU
		{E970523B-2DB3-40E8-9D62-5B8FA93A32D9}.Debug|iPhone.Build.0 = Debug|Any CPU
		{E970523B-2DB3-40E8-9D62-5B8FA93A32D9}.Debug|iPhone.Deploy.0 = Debug|Any CPU
		{E970523B-2DB3-40E8-9D62-5B8FA93A32D9}.Debug|iPhoneSimulator.ActiveCfg = Debug|Any CPU
		{E970523B-2DB3-40E8-9D62-5B8FA93A32D9}.Debug|iPhoneSimulator.Build.0 = Debug|Any CPU
		{E970523B-2DB3-40E8-9D62-5B8FA93A32D9}.Debug|iPhoneSimulator.Deploy.0 = Debug|Any CPU
		{E970523B-2DB3-40E8-9D62-5B8FA93A32D9}.Release|Any CPU.ActiveCfg = Release|Any CPU
		{E970523B-2DB3-40E8-9D62-5B8FA93A32D9}.Release|Any CPU.Build.0 = Release|Any CPU
		{E970523B-2DB3-40E8-9D62-5B8FA93A32D9}.Release|Any CPU.Deploy.0 = Release|Any CPU
		{E970523B-2DB3-40E8-9D62-5B8FA93A32D9}.Release|iPhone.ActiveCfg = Release|Any CPU
		{E970523B-2DB3-40E8-9D62-5B8FA93A32D9}.Release|iPhone.Build.0 = Release|Any CPU
		{E970523B-2DB3-40E8-9D62-5B8FA93A32D9}.Release|iPhone.Deploy.0 = Release|Any CPU
		{E970523B-2DB3-40E8-9D62-5B8FA93A32D9}.Release|iPhoneSimulator.ActiveCfg = Release|Any CPU
		{E970523B-2DB3-40E8-9D62-5B8FA93A32D9}.Release|iPhoneSimulator.Build.0 = Release|Any CPU
		{E970523B-2DB3-40E8-9D62-5B8FA93A32D9}.Release|iPhoneSimulator.Deploy.0 = Release|Any CPU
	EndGlobalSection
	GlobalSection(SolutionProperties) = preSolution
		HideSolutionNode = FALSE
	EndGlobalSection
	GlobalSection(ExtensibilityGlobals) = postSolution
		SolutionGuid = {5A0A75D3-948D-4FE5-81F8-190868BD4A9F}
	EndGlobalSection
EndGlobal
