
Microsoft Visual Studio Solution File, Format Version 12.00
# Visual Studio Version 16
VisualStudioVersion = 16.0.31624.102
MinimumVisualStudioVersion = 10.0.40219.1
Project("{FAE04EC0-301F-11D3-BF4B-00C04F79EFBC}") = "FirstMobileApp.Android", "FirstMobileApp\FirstMobileApp.Android\FirstMobileApp.Android.csproj", "{FE47395F-D746-46F1-98E8-1E1F5FA249C7}"
EndProject
Project("{FAE04EC0-301F-11D3-BF4B-00C04F79EFBC}") = "FirstMobileApp.iOS", "FirstMobileApp\FirstMobileApp.iOS\FirstMobileApp.iOS.csproj", "{21EF2B20-C826-47C0-9270-506414F44A97}"
EndProject
Project("{FAE04EC0-301F-11D3-BF4B-00C04F79EFBC}") = "FirstMobileApp", "FirstMobileApp\FirstMobileApp\FirstMobileApp.csproj", "{C4FE2D26-4B25-4D17-BAC8-C7C3686C218B}"
EndProject
Global
	GlobalSection(SolutionConfigurationPlatforms) = preSolution
		Debug|Any CPU = Debug|Any CPU
		Debug|iPhone = Debug|iPhone
		Debug|iPhoneSimulator = Debug|iPhoneSimulator
		Release|Any CPU = Release|Any CPU
		Release|iPhone = Release|iPhone
		Release|iPhoneSimulator = Release|iPhoneSimulator
	EndGlobalSection
	GlobalSection(ProjectConfigurationPlatforms) = postSolution
		{FE47395F-D746-46F1-98E8-1E1F5FA249C7}.Debug|Any CPU.ActiveCfg = Debug|Any CPU
		{FE47395F-D746-46F1-98E8-1E1F5FA249C7}.Debug|Any CPU.Build.0 = Debug|Any CPU
		{FE47395F-D746-46F1-98E8-1E1F5FA249C7}.Debug|Any CPU.Deploy.0 = Debug|Any CPU
		{FE47395F-D746-46F1-98E8-1E1F5FA249C7}.Debug|iPhone.ActiveCfg = Debug|Any CPU
		{FE47395F-D746-46F1-98E8-1E1F5FA249C7}.Debug|iPhone.Build.0 = Debug|Any CPU
		{FE47395F-D746-46F1-98E8-1E1F5FA249C7}.Debug|iPhone.Deploy.0 = Debug|Any CPU
		{FE47395F-D746-46F1-98E8-1E1F5FA249C7}.Debug|iPhoneSimulator.ActiveCfg = Debug|Any CPU
		{FE47395F-D746-46F1-98E8-1E1F5FA249C7}.Debug|iPhoneSimulator.Build.0 = Debug|Any CPU
		{FE47395F-D746-46F1-98E8-1E1F5FA249C7}.Debug|iPhoneSimulator.Deploy.0 = Debug|Any CPU
		{FE47395F-D746-46F1-98E8-1E1F5FA249C7}.Release|Any CPU.ActiveCfg = Release|Any CPU
		{FE47395F-D746-46F1-98E8-1E1F5FA249C7}.Release|Any CPU.Build.0 = Release|Any CPU
		{FE47395F-D746-46F1-98E8-1E1F5FA249C7}.Release|Any CPU.Deploy.0 = Release|Any CPU
		{FE47395F-D746-46F1-98E8-1E1F5FA249C7}.Release|iPhone.ActiveCfg = Release|Any CPU
		{FE47395F-D746-46F1-98E8-1E1F5FA249C7}.Release|iPhone.Build.0 = Release|Any CPU
		{FE47395F-D746-46F1-98E8-1E1F5FA249C7}.Release|iPhone.Deploy.0 = Release|Any CPU
		{FE47395F-D746-46F1-98E8-1E1F5FA249C7}.Release|iPhoneSimulator.ActiveCfg = Release|Any CPU
		{FE47395F-D746-46F1-98E8-1E1F5FA249C7}.Release|iPhoneSimulator.Build.0 = Release|Any CPU
		{FE47395F-D746-46F1-98E8-1E1F5FA249C7}.Release|iPhoneSimulator.Deploy.0 = Release|Any CPU
		{21EF2B20-C826-47C0-9270-506414F44A97}.Debug|Any CPU.ActiveCfg = Debug|iPhone
		{21EF2B20-C826-47C0-9270-506414F44A97}.Debug|Any CPU.Build.0 = Debug|iPhone
		{21EF2B20-C826-47C0-9270-506414F44A97}.Debug|Any CPU.Deploy.0 = Debug|iPhone
		{21EF2B20-C826-47C0-9270-506414F44A97}.Debug|iPhone.ActiveCfg = Debug|iPhone
		{21EF2B20-C826-47C0-9270-506414F44A97}.Debug|iPhone.Build.0 = Debug|iPhone
		{21EF2B20-C826-47C0-9270-506414F44A97}.Debug|iPhone.Deploy.0 = Debug|iPhone
		{21EF2B20-C826-47C0-9270-506414F44A97}.Debug|iPhoneSimulator.ActiveCfg = Debug|iPhoneSimulator
		{21EF2B20-C826-47C0-9270-506414F44A97}.Debug|iPhoneSimulator.Build.0 = Debug|iPhoneSimulator
		{21EF2B20-C826-47C0-9270-506414F44A97}.Debug|iPhoneSimulator.Deploy.0 = Debug|iPhoneSimulator
		{21EF2B20-C826-47C0-9270-506414F44A97}.Release|Any CPU.ActiveCfg = Release|iPhoneSimulator
		{21EF2B20-C826-47C0-9270-506414F44A97}.Release|Any CPU.Build.0 = Release|iPhoneSimulator
		{21EF2B20-C826-47C0-9270-506414F44A97}.Release|Any CPU.Deploy.0 = Release|iPhoneSimulator
		{21EF2B20-C826-47C0-9270-506414F44A97}.Release|iPhone.ActiveCfg = Release|iPhone
		{21EF2B20-C826-47C0-9270-506414F44A97}.Release|iPhone.Build.0 = Release|iPhone
		{21EF2B20-C826-47C0-9270-506414F44A97}.Release|iPhone.Deploy.0 = Release|iPhone
		{21EF2B20-C826-47C0-9270-506414F44A97}.Release|iPhoneSimulator.ActiveCfg = Release|iPhoneSimulator
		{21EF2B20-C826-47C0-9270-506414F44A97}.Release|iPhoneSimulator.Build.0 = Release|iPhoneSimulator
		{21EF2B20-C826-47C0-9270-506414F44A97}.Release|iPhoneSimulator.Deploy.0 = Release|iPhoneSimulator
		{C4FE2D26-4B25-4D17-BAC8-C7C3686C218B}.Debug|Any CPU.ActiveCfg = Debug|Any CPU
		{C4FE2D26-4B25-4D17-BAC8-C7C3686C218B}.Debug|Any CPU.Build.0 = Debug|Any CPU
		{C4FE2D26-4B25-4D17-BAC8-C7C3686C218B}.Debug|Any CPU.Deploy.0 = Debug|Any CPU
		{C4FE2D26-4B25-4D17-BAC8-C7C3686C218B}.Debug|iPhone.ActiveCfg = Debug|Any CPU
		{C4FE2D26-4B25-4D17-BAC8-C7C3686C218B}.Debug|iPhone.Build.0 = Debug|Any CPU
		{C4FE2D26-4B25-4D17-BAC8-C7C3686C218B}.Debug|iPhone.Deploy.0 = Debug|Any CPU
		{C4FE2D26-4B25-4D17-BAC8-C7C3686C218B}.Debug|iPhoneSimulator.ActiveCfg = Debug|Any CPU
		{C4FE2D26-4B25-4D17-BAC8-C7C3686C218B}.Debug|iPhoneSimulator.Build.0 = Debug|Any CPU
		{C4FE2D26-4B25-4D17-BAC8-C7C3686C218B}.Debug|iPhoneSimulator.Deploy.0 = Debug|Any CPU
		{C4FE2D26-4B25-4D17-BAC8-C7C3686C218B}.Release|Any CPU.ActiveCfg = Release|Any CPU
		{C4FE2D26-4B25-4D17-BAC8-C7C3686C218B}.Release|Any CPU.Build.0 = Release|Any CPU
		{C4FE2D26-4B25-4D17-BAC8-C7C3686C218B}.Release|Any CPU.Deploy.0 = Release|Any CPU
		{C4FE2D26-4B25-4D17-BAC8-C7C3686C218B}.Release|iPhone.ActiveCfg = Release|Any CPU
		{C4FE2D26-4B25-4D17-BAC8-C7C3686C218B}.Release|iPhone.Build.0 = Release|Any CPU
		{C4FE2D26-4B25-4D17-BAC8-C7C3686C218B}.Release|iPhone.Deploy.0 = Release|Any CPU
		{C4FE2D26-4B25-4D17-BAC8-C7C3686C218B}.Release|iPhoneSimulator.ActiveCfg = Release|Any CPU
		{C4FE2D26-4B25-4D17-BAC8-C7C3686C218B}.Release|iPhoneSimulator.Build.0 = Release|Any CPU
		{C4FE2D26-4B25-4D17-BAC8-C7C3686C218B}.Release|iPhoneSimulator.Deploy.0 = Release|Any CPU
	EndGlobalSection
	GlobalSection(SolutionProperties) = preSolution
		HideSolutionNode = FALSE
	EndGlobalSection
	GlobalSection(ExtensibilityGlobals) = postSolution
		SolutionGuid = {BC4BC0E9-70DE-4C43-9EDD-743D7B935D3D}
	EndGlobalSection
EndGlobal
