
Microsoft Visual Studio Solution File, Format Version 12.00
# Visual Studio Version 16
VisualStudioVersion = 16.0.31624.102
MinimumVisualStudioVersion = 10.0.40219.1
Project("{FAE04EC0-301F-11D3-BF4B-00C04F79EFBC}") = "MobileAppFromScratch.Android", "MobileAppFromScratch\MobileAppFromScratch.Android\MobileAppFromScratch.Android.csproj", "{66380B71-8E56-4E84-9C78-73B4AF1456CC}"
EndProject
Project("{FAE04EC0-301F-11D3-BF4B-00C04F79EFBC}") = "MobileAppFromScratch.iOS", "MobileAppFromScratch\MobileAppFromScratch.iOS\MobileAppFromScratch.iOS.csproj", "{EC1421A1-4FB0-4E90-A8E2-7751348DDF8A}"
EndProject
Project("{FAE04EC0-301F-11D3-BF4B-00C04F79EFBC}") = "MobileAppFromScratch", "MobileAppFromScratch\MobileAppFromScratch\MobileAppFromScratch.csproj", "{CEEBAC80-3B96-432B-A632-3A43E6022D42}"
EndProject
Global
	GlobalSection(SolutionConfigurationPlatforms) = preSolution
		Debug|Any CPU = Debug|Any CPU
		Debug|iPhone = Debug|iPhone
		Debug|iPhoneSimulator = Debug|iPhoneSimulator
		Release|Any CPU = Release|Any CPU
		Release|iPhone = Release|iPhone
		Release|iPhoneSimulator = Release|iPhoneSimulator
	EndGlobalSection
	GlobalSection(ProjectConfigurationPlatforms) = postSolution
		{66380B71-8E56-4E84-9C78-73B4AF1456CC}.Debug|Any CPU.ActiveCfg = Debug|Any CPU
		{66380B71-8E56-4E84-9C78-73B4AF1456CC}.Debug|Any CPU.Build.0 = Debug|Any CPU
		{66380B71-8E56-4E84-9C78-73B4AF1456CC}.Debug|Any CPU.Deploy.0 = Debug|Any CPU
		{66380B71-8E56-4E84-9C78-73B4AF1456CC}.Debug|iPhone.ActiveCfg = Debug|Any CPU
		{66380B71-8E56-4E84-9C78-73B4AF1456CC}.Debug|iPhone.Build.0 = Debug|Any CPU
		{66380B71-8E56-4E84-9C78-73B4AF1456CC}.Debug|iPhone.Deploy.0 = Debug|Any CPU
		{66380B71-8E56-4E84-9C78-73B4AF1456CC}.Debug|iPhoneSimulator.ActiveCfg = Debug|Any CPU
		{66380B71-8E56-4E84-9C78-73B4AF1456CC}.Debug|iPhoneSimulator.Build.0 = Debug|Any CPU
		{66380B71-8E56-4E84-9C78-73B4AF1456CC}.Debug|iPhoneSimulator.Deploy.0 = Debug|Any CPU
		{66380B71-8E56-4E84-9C78-73B4AF1456CC}.Release|Any CPU.ActiveCfg = Release|Any CPU
		{66380B71-8E56-4E84-9C78-73B4AF1456CC}.Release|Any CPU.Build.0 = Release|Any CPU
		{66380B71-8E56-4E84-9C78-73B4AF1456CC}.Release|Any CPU.Deploy.0 = Release|Any CPU
		{66380B71-8E56-4E84-9C78-73B4AF1456CC}.Release|iPhone.ActiveCfg = Release|Any CPU
		{66380B71-8E56-4E84-9C78-73B4AF1456CC}.Release|iPhone.Build.0 = Release|Any CPU
		{66380B71-8E56-4E84-9C78-73B4AF1456CC}.Release|iPhone.Deploy.0 = Release|Any CPU
		{66380B71-8E56-4E84-9C78-73B4AF1456CC}.Release|iPhoneSimulator.ActiveCfg = Release|Any CPU
		{66380B71-8E56-4E84-9C78-73B4AF1456CC}.Release|iPhoneSimulator.Build.0 = Release|Any CPU
		{66380B71-8E56-4E84-9C78-73B4AF1456CC}.Release|iPhoneSimulator.Deploy.0 = Release|Any CPU
		{EC1421A1-4FB0-4E90-A8E2-7751348DDF8A}.Debug|Any CPU.ActiveCfg = Debug|iPhone
		{EC1421A1-4FB0-4E90-A8E2-7751348DDF8A}.Debug|Any CPU.Build.0 = Debug|iPhone
		{EC1421A1-4FB0-4E90-A8E2-7751348DDF8A}.Debug|Any CPU.Deploy.0 = Debug|iPhone
		{EC1421A1-4FB0-4E90-A8E2-7751348DDF8A}.Debug|iPhone.ActiveCfg = Debug|iPhone
		{EC1421A1-4FB0-4E90-A8E2-7751348DDF8A}.Debug|iPhone.Build.0 = Debug|iPhone
		{EC1421A1-4FB0-4E90-A8E2-7751348DDF8A}.Debug|iPhone.Deploy.0 = Debug|iPhone
		{EC1421A1-4FB0-4E90-A8E2-7751348DDF8A}.Debug|iPhoneSimulator.ActiveCfg = Debug|iPhoneSimulator
		{EC1421A1-4FB0-4E90-A8E2-7751348DDF8A}.Debug|iPhoneSimulator.Build.0 = Debug|iPhoneSimulator
		{EC1421A1-4FB0-4E90-A8E2-7751348DDF8A}.Debug|iPhoneSimulator.Deploy.0 = Debug|iPhoneSimulator
		{EC1421A1-4FB0-4E90-A8E2-7751348DDF8A}.Release|Any CPU.ActiveCfg = Release|iPhoneSimulator
		{EC1421A1-4FB0-4E90-A8E2-7751348DDF8A}.Release|Any CPU.Build.0 = Release|iPhoneSimulator
		{EC1421A1-4FB0-4E90-A8E2-7751348DDF8A}.Release|Any CPU.Deploy.0 = Release|iPhoneSimulator
		{EC1421A1-4FB0-4E90-A8E2-7751348DDF8A}.Release|iPhone.ActiveCfg = Release|iPhone
		{EC1421A1-4FB0-4E90-A8E2-7751348DDF8A}.Release|iPhone.Build.0 = Release|iPhone
		{EC1421A1-4FB0-4E90-A8E2-7751348DDF8A}.Release|iPhone.Deploy.0 = Release|iPhone
		{EC1421A1-4FB0-4E90-A8E2-7751348DDF8A}.Release|iPhoneSimulator.ActiveCfg = Release|iPhoneSimulator
		{EC1421A1-4FB0-4E90-A8E2-7751348DDF8A}.Release|iPhoneSimulator.Build.0 = Release|iPhoneSimulator
		{EC1421A1-4FB0-4E90-A8E2-7751348DDF8A}.Release|iPhoneSimulator.Deploy.0 = Release|iPhoneSimulator
		{CEEBAC80-3B96-432B-A632-3A43E6022D42}.Debug|Any CPU.ActiveCfg = Debug|Any CPU
		{CEEBAC80-3B96-432B-A632-3A43E6022D42}.Debug|Any CPU.Build.0 = Debug|Any CPU
		{CEEBAC80-3B96-432B-A632-3A43E6022D42}.Debug|Any CPU.Deploy.0 = Debug|Any CPU
		{CEEBAC80-3B96-432B-A632-3A43E6022D42}.Debug|iPhone.ActiveCfg = Debug|Any CPU
		{CEEBAC80-3B96-432B-A632-3A43E6022D42}.Debug|iPhone.Build.0 = Debug|Any CPU
		{CEEBAC80-3B96-432B-A632-3A43E6022D42}.Debug|iPhone.Deploy.0 = Debug|Any CPU
		{CEEBAC80-3B96-432B-A632-3A43E6022D42}.Debug|iPhoneSimulator.ActiveCfg = Debug|Any CPU
		{CEEBAC80-3B96-432B-A632-3A43E6022D42}.Debug|iPhoneSimulator.Build.0 = Debug|Any CPU
		{CEEBAC80-3B96-432B-A632-3A43E6022D42}.Debug|iPhoneSimulator.Deploy.0 = Debug|Any CPU
		{CEEBAC80-3B96-432B-A632-3A43E6022D42}.Release|Any CPU.ActiveCfg = Release|Any CPU
		{CEEBAC80-3B96-432B-A632-3A43E6022D42}.Release|Any CPU.Build.0 = Release|Any CPU
		{CEEBAC80-3B96-432B-A632-3A43E6022D42}.Release|Any CPU.Deploy.0 = Release|Any CPU
		{CEEBAC80-3B96-432B-A632-3A43E6022D42}.Release|iPhone.ActiveCfg = Release|Any CPU
		{CEEBAC80-3B96-432B-A632-3A43E6022D42}.Release|iPhone.Build.0 = Release|Any CPU
		{CEEBAC80-3B96-432B-A632-3A43E6022D42}.Release|iPhone.Deploy.0 = Release|Any CPU
		{CEEBAC80-3B96-432B-A632-3A43E6022D42}.Release|iPhoneSimulator.ActiveCfg = Release|Any CPU
		{CEEBAC80-3B96-432B-A632-3A43E6022D42}.Release|iPhoneSimulator.Build.0 = Release|Any CPU
		{CEEBAC80-3B96-432B-A632-3A43E6022D42}.Release|iPhoneSimulator.Deploy.0 = Release|Any CPU
	EndGlobalSection
	GlobalSection(SolutionProperties) = preSolution
		HideSolutionNode = FALSE
	EndGlobalSection
	GlobalSection(ExtensibilityGlobals) = postSolution
		SolutionGuid = {4B0EFE3C-7C1D-4EB0-BD9B-4FA5404EC5DF}
	EndGlobalSection
EndGlobal
