
Microsoft Visual Studio Solution File, Format Version 12.00
# Visual Studio Version 16
VisualStudioVersion = 16.0.31624.102
MinimumVisualStudioVersion = 10.0.40219.1
Project("{FAE04EC0-301F-11D3-BF4B-00C04F79EFBC}") = "XamlCollections.Android", "XamlCollections\XamlCollections.Android\XamlCollections.Android.csproj", "{2DF48D29-9843-4AD7-B1C1-0570F2B4C448}"
EndProject
Project("{FAE04EC0-301F-11D3-BF4B-00C04F79EFBC}") = "XamlCollections.iOS", "XamlCollections\XamlCollections.iOS\XamlCollections.iOS.csproj", "{7492355E-B257-4EC1-8DBB-AD3DD684C787}"
EndProject
Project("{FAE04EC0-301F-11D3-BF4B-00C04F79EFBC}") = "XamlCollections", "XamlCollections\XamlCollections\XamlCollections.csproj", "{001260F7-C8CB-46B5-85AE-943FE83298CA}"
EndProject
Global
	GlobalSection(SolutionConfigurationPlatforms) = preSolution
		Debug|Any CPU = Debug|Any CPU
		Debug|iPhone = Debug|iPhone
		Debug|iPhoneSimulator = Debug|iPhoneSimulator
		Release|Any CPU = Release|Any CPU
		Release|iPhone = Release|iPhone
		Release|iPhoneSimulator = Release|iPhoneSimulator
	EndGlobalSection
	GlobalSection(ProjectConfigurationPlatforms) = postSolution
		{2DF48D29-9843-4AD7-B1C1-0570F2B4C448}.Debug|Any CPU.ActiveCfg = Debug|Any CPU
		{2DF48D29-9843-4AD7-B1C1-0570F2B4C448}.Debug|Any CPU.Build.0 = Debug|Any CPU
		{2DF48D29-9843-4AD7-B1C1-0570F2B4C448}.Debug|Any CPU.Deploy.0 = Debug|Any CPU
		{2DF48D29-9843-4AD7-B1C1-0570F2B4C448}.Debug|iPhone.ActiveCfg = Debug|Any CPU
		{2DF48D29-9843-4AD7-B1C1-0570F2B4C448}.Debug|iPhone.Build.0 = Debug|Any CPU
		{2DF48D29-9843-4AD7-B1C1-0570F2B4C448}.Debug|iPhone.Deploy.0 = Debug|Any CPU
		{2DF48D29-9843-4AD7-B1C1-0570F2B4C448}.Debug|iPhoneSimulator.ActiveCfg = Debug|Any CPU
		{2DF48D29-9843-4AD7-B1C1-0570F2B4C448}.Debug|iPhoneSimulator.Build.0 = Debug|Any CPU
		{2DF48D29-9843-4AD7-B1C1-0570F2B4C448}.Debug|iPhoneSimulator.Deploy.0 = Debug|Any CPU
		{2DF48D29-9843-4AD7-B1C1-0570F2B4C448}.Release|Any CPU.ActiveCfg = Release|Any CPU
		{2DF48D29-9843-4AD7-B1C1-0570F2B4C448}.Release|Any CPU.Build.0 = Release|Any CPU
		{2DF48D29-9843-4AD7-B1C1-0570F2B4C448}.Release|Any CPU.Deploy.0 = Release|Any CPU
		{2DF48D29-9843-4AD7-B1C1-0570F2B4C448}.Release|iPhone.ActiveCfg = Release|Any CPU
		{2DF48D29-9843-4AD7-B1C1-0570F2B4C448}.Release|iPhone.Build.0 = Release|Any CPU
		{2DF48D29-9843-4AD7-B1C1-0570F2B4C448}.Release|iPhone.Deploy.0 = Release|Any CPU
		{2DF48D29-9843-4AD7-B1C1-0570F2B4C448}.Release|iPhoneSimulator.ActiveCfg = Release|Any CPU
		{2DF48D29-9843-4AD7-B1C1-0570F2B4C448}.Release|iPhoneSimulator.Build.0 = Release|Any CPU
		{2DF48D29-9843-4AD7-B1C1-0570F2B4C448}.Release|iPhoneSimulator.Deploy.0 = Release|Any CPU
		{7492355E-B257-4EC1-8DBB-AD3DD684C787}.Debug|Any CPU.ActiveCfg = Debug|iPhone
		{7492355E-B257-4EC1-8DBB-AD3DD684C787}.Debug|Any CPU.Build.0 = Debug|iPhone
		{7492355E-B257-4EC1-8DBB-AD3DD684C787}.Debug|Any CPU.Deploy.0 = Debug|iPhone
		{7492355E-B257-4EC1-8DBB-AD3DD684C787}.Debug|iPhone.ActiveCfg = Debug|iPhone
		{7492355E-B257-4EC1-8DBB-AD3DD684C787}.Debug|iPhone.Build.0 = Debug|iPhone
		{7492355E-B257-4EC1-8DBB-AD3DD684C787}.Debug|iPhone.Deploy.0 = Debug|iPhone
		{7492355E-B257-4EC1-8DBB-AD3DD684C787}.Debug|iPhoneSimulator.ActiveCfg = Debug|iPhoneSimulator
		{7492355E-B257-4EC1-8DBB-AD3DD684C787}.Debug|iPhoneSimulator.Build.0 = Debug|iPhoneSimulator
		{7492355E-B257-4EC1-8DBB-AD3DD684C787}.Debug|iPhoneSimulator.Deploy.0 = Debug|iPhoneSimulator
		{7492355E-B257-4EC1-8DBB-AD3DD684C787}.Release|Any CPU.ActiveCfg = Release|iPhoneSimulator
		{7492355E-B257-4EC1-8DBB-AD3DD684C787}.Release|Any CPU.Build.0 = Release|iPhoneSimulator
		{7492355E-B257-4EC1-8DBB-AD3DD684C787}.Release|Any CPU.Deploy.0 = Release|iPhoneSimulator
		{7492355E-B257-4EC1-8DBB-AD3DD684C787}.Release|iPhone.ActiveCfg = Release|iPhone
		{7492355E-B257-4EC1-8DBB-AD3DD684C787}.Release|iPhone.Build.0 = Release|iPhone
		{7492355E-B257-4EC1-8DBB-AD3DD684C787}.Release|iPhone.Deploy.0 = Release|iPhone
		{7492355E-B257-4EC1-8DBB-AD3DD684C787}.Release|iPhoneSimulator.ActiveCfg = Release|iPhoneSimulator
		{7492355E-B257-4EC1-8DBB-AD3DD684C787}.Release|iPhoneSimulator.Build.0 = Release|iPhoneSimulator
		{7492355E-B257-4EC1-8DBB-AD3DD684C787}.Release|iPhoneSimulator.Deploy.0 = Release|iPhoneSimulator
		{001260F7-C8CB-46B5-85AE-943FE83298CA}.Debug|Any CPU.ActiveCfg = Debug|Any CPU
		{001260F7-C8CB-46B5-85AE-943FE83298CA}.Debug|Any CPU.Build.0 = Debug|Any CPU
		{001260F7-C8CB-46B5-85AE-943FE83298CA}.Debug|Any CPU.Deploy.0 = Debug|Any CPU
		{001260F7-C8CB-46B5-85AE-943FE83298CA}.Debug|iPhone.ActiveCfg = Debug|Any CPU
		{001260F7-C8CB-46B5-85AE-943FE83298CA}.Debug|iPhone.Build.0 = Debug|Any CPU
		{001260F7-C8CB-46B5-85AE-943FE83298CA}.Debug|iPhone.Deploy.0 = Debug|Any CPU
		{001260F7-C8CB-46B5-85AE-943FE83298CA}.Debug|iPhoneSimulator.ActiveCfg = Debug|Any CPU
		{001260F7-C8CB-46B5-85AE-943FE83298CA}.Debug|iPhoneSimulator.Build.0 = Debug|Any CPU
		{001260F7-C8CB-46B5-85AE-943FE83298CA}.Debug|iPhoneSimulator.Deploy.0 = Debug|Any CPU
		{001260F7-C8CB-46B5-85AE-943FE83298CA}.Release|Any CPU.ActiveCfg = Release|Any CPU
		{001260F7-C8CB-46B5-85AE-943FE83298CA}.Release|Any CPU.Build.0 = Release|Any CPU
		{001260F7-C8CB-46B5-85AE-943FE83298CA}.Release|Any CPU.Deploy.0 = Release|Any CPU
		{001260F7-C8CB-46B5-85AE-943FE83298CA}.Release|iPhone.ActiveCfg = Release|Any CPU
		{001260F7-C8CB-46B5-85AE-943FE83298CA}.Release|iPhone.Build.0 = Release|Any CPU
		{001260F7-C8CB-46B5-85AE-943FE83298CA}.Release|iPhone.Deploy.0 = Release|Any CPU
		{001260F7-C8CB-46B5-85AE-943FE83298CA}.Release|iPhoneSimulator.ActiveCfg = Release|Any CPU
		{001260F7-C8CB-46B5-85AE-943FE83298CA}.Release|iPhoneSimulator.Build.0 = Release|Any CPU
		{001260F7-C8CB-46B5-85AE-943FE83298CA}.Release|iPhoneSimulator.Deploy.0 = Release|Any CPU
	EndGlobalSection
	GlobalSection(SolutionProperties) = preSolution
		HideSolutionNode = FALSE
	EndGlobalSection
	GlobalSection(ExtensibilityGlobals) = postSolution
		SolutionGuid = {87F9E927-75DE-415F-A5B9-D4911C8DB06C}
	EndGlobalSection
EndGlobal
